
Microsoft Visual Studio Solution File, Format Version 12.00
# Visual Studio Version 17
VisualStudioVersion = 17.2.32616.157
MinimumVisualStudioVersion = 10.0.40219.1
Project("{FAE04EC0-301F-11D3-BF4B-00C04F79EFBC}") = "Deligates", "Deligates\Deligates.csproj", "{96D05C94-5DD0-487E-BF6D-7C9B1C8248BA}"
EndProject
Global
	GlobalSection(SolutionConfigurationPlatforms) = preSolution
		Debug|Any CPU = Debug|Any CPU
		Release|Any CPU = Release|Any CPU
	EndGlobalSection
	GlobalSection(ProjectConfigurationPlatforms) = postSolution
		{96D05C94-5DD0-487E-BF6D-7C9B1C8248BA}.Debug|Any CPU.ActiveCfg = Debug|Any CPU
		{96D05C94-5DD0-487E-BF6D-7C9B1C8248BA}.Debug|Any CPU.Build.0 = Debug|Any CPU
		{96D05C94-5DD0-487E-BF6D-7C9B1C8248BA}.Release|Any CPU.ActiveCfg = Release|Any CPU
		{96D05C94-5DD0-487E-BF6D-7C9B1C8248BA}.Release|Any CPU.Build.0 = Release|Any CPU
	EndGlobalSection
	GlobalSection(SolutionProperties) = preSolution
		HideSolutionNode = FALSE
	EndGlobalSection
	GlobalSection(ExtensibilityGlobals) = postSolution
		SolutionGuid = {0E0C0763-4CBE-49C6-97FC-9ADB9AE25DA7}
	EndGlobalSection
EndGlobal
